{
  "requires": true,
  "lockfileVersion": 1,
  "dependencies": {
    "username-generator": {
      "version": "1.1.0",
      "resolved": "https://registry.npmjs.org/username-generator/-/username-generator-1.1.0.tgz",
      "integrity": "sha512-2hpbjhJ9/DJdrPajdeJ2nQ1v9sNLT3IaLGhejd9GbrVMCGZMc3h2Ug6qUlIKjDkRUT0HsozXYboaypxo94OYfw=="
    }
  }
}
